
Microsoft Visual Studio Solution File, Format Version 12.00
# Visual Studio 15
VisualStudioVersion = 15.0.27004.2009
MinimumVisualStudioVersion = 10.0.40219.1
Project("{888888A0-9F3D-457C-B088-3A5042F75D52}") = "autoencoder", "autoencoder\autoencoder.pyproj", "{230A1F89-766B-4205-A1A4-D3D921667CD4}"
EndProject
Global
	GlobalSection(SolutionConfigurationPlatforms) = preSolution
		Debug|Any CPU = Debug|Any CPU
		Release|Any CPU = Release|Any CPU
	EndGlobalSection
	GlobalSection(ProjectConfigurationPlatforms) = postSolution
		{230A1F89-766B-4205-A1A4-D3D921667CD4}.Debug|Any CPU.ActiveCfg = Debug|Any CPU
		{230A1F89-766B-4205-A1A4-D3D921667CD4}.Release|Any CPU.ActiveCfg = Release|Any CPU
	EndGlobalSection
	GlobalSection(SolutionProperties) = preSolution
		HideSolutionNode = FALSE
	EndGlobalSection
	GlobalSection(ExtensibilityGlobals) = postSolution
		SolutionGuid = {E66C463A-4152-4234-A829-E2B46F239898}
	EndGlobalSection
EndGlobal
